// !$*UTF8*$!
{
	archiveVersion = 1;
	classes = {
	};
	objectVersion = 46;
	objects = {

/* Begin PBXBuildFile section */
		15CD45A31A8E418300588DC2 /* main.m in Sources */ = {isa = PBXBuildFile; fileRef = 15CD45A21A8E418300588DC2 /* main.m */; };
		15CD45A61A8E418300588DC2 /* AppDelegate.m in Sources */ = {isa = PBXBuildFile; fileRef = 15CD45A51A8E418300588DC2 /* AppDelegate.m */; };
		15CD45A91A8E418300588DC2 /* GateCrasher_Final.xcdatamodeld in Sources */ = {isa = PBXBuildFile; fileRef = 15CD45A71A8E418300588DC2 /* GateCrasher_Final.xcdatamodeld */; };
		15CD45AC1A8E418300588DC2 /* ViewController.m in Sources */ = {isa = PBXBuildFile; fileRef = 15CD45AB1A8E418300588DC2 /* ViewController.m */; };
		15CD45AF1A8E418300588DC2 /* Main.storyboard in Resources */ = {isa = PBXBuildFile; fileRef = 15CD45AD1A8E418300588DC2 /* Main.storyboard */; };
		15CD45B11A8E418300588DC2 /* Images.xcassets in Resources */ = {isa = PBXBuildFile; fileRef = 15CD45B01A8E418300588DC2 /* Images.xcassets */; };
		15CD45B41A8E418300588DC2 /* LaunchScreen.xib in Resources */ = {isa = PBXBuildFile; fileRef = 15CD45B21A8E418300588DC2 /* LaunchScreen.xib */; };
		15CD45C01A8E418300588DC2 /* GateCrasher_FinalTests.m in Sources */ = {isa = PBXBuildFile; fileRef = 15CD45BF1A8E418300588DC2 /* GateCrasher_FinalTests.m */; };
/* End PBXBuildFile section */

/* Begin PBXContainerItemProxy section */
		15CD45BA1A8E418300588DC2 /* PBXContainerItemProxy */ = {
			isa = PBXContainerItemProxy;
			containerPortal = 15CD45951A8E418300588DC2 /* Project object */;
			proxyType = 1;
			remoteGlobalIDString = 15CD459C1A8E418300588DC2;
			remoteInfo = "GateCrasher Final";
		};
/* End PBXContainerItemProxy section */

/* Begin PBXFileReference section */
		15CD459D1A8E418300588DC2 /* GateCrasher Final.app */ = {isa = PBXFileReference; explicitFileType = wrapper.application; includeInIndex = 0; path = "GateCrasher Final.app"; sourceTree = BUILT_PRODUCTS_DIR; };
		15CD45A11A8E418300588DC2 /* Info.plist */ = {isa = PBXFileReference; lastKnownFileType = text.plist.xml; path = Info.plist; sourceTree = "<group>"; };
		15CD45A21A8E418300588DC2 /* main.m */ = {isa = PBXFileReference; lastKnownFileType = sourcecode.c.objc; path = main.m; sourceTree = "<group>"; };
		15CD45A41A8E418300588DC2 /* AppDelegate.h */ = {isa = PBXFileReference; lastKnownFileType = sourcecode.c.h; path = AppDelegate.h; sourceTree = "<group>"; };
		15CD45A51A8E418300588DC2 /* AppDelegate.m */ = {isa = PBXFileReference; lastKnownFileType = sourcecode.c.objc; path = AppDelegate.m; sourceTree = "<group>"; };
		15CD45A81A8E418300588DC2 /* GateCrasher_Final.xcdatamodel */ = {isa = PBXFileReference; lastKnownFileType = wrapper.xcdatamodel; path = GateCrasher_Final.xcdatamodel; sourceTree = "<group>"; };
		15CD45AA1A8E418300588DC2 /* ViewController.h */ = {isa = PBXFileReference; lastKnownFileType = sourcecode.c.h; path = ViewController.h; sourceTree = "<group>"; };
		15CD45AB1A8E418300588DC2 /* ViewController.m */ = {isa = PBXFileReference; lastKnownFileType = sourcecode.c.objc; path = ViewController.m; sourceTree = "<group>"; };
		15CD45AE1A8E418300588DC2 /* Base */ = {isa = PBXFileReference; lastKnownFileType = file.storyboard; name = Base; path = Base.lproj/Main.storyboard; sourceTree = "<group>"; };
		15CD45B01A8E418300588DC2 /* Images.xcassets */ = {isa = PBXFileReference; lastKnownFileType = folder.assetcatalog; path = Images.xcassets; sourceTree = "<group>"; };
		15CD45B31A8E418300588DC2 /* Base */ = {isa = PBXFileReference; lastKnownFileType = file.xib; name = Base; path = Base.lproj/LaunchScreen.xib; sourceTree = "<group>"; };
		15CD45B91A8E418300588DC2 /* GateCrasher FinalTests.xctest */ = {isa = PBXFileReference; explicitFileType = wrapper.cfbundle; includeInIndex = 0; path = "GateCrasher FinalTests.xctest"; sourceTree = BUILT_PRODUCTS_DIR; };
		15CD45BE1A8E418300588DC2 /* Info.plist */ = {isa = PBXFileReference; lastKnownFileType = text.plist.xml; path = Info.plist; sourceTree = "<group>"; };
		15CD45BF1A8E418300588DC2 /* GateCrasher_FinalTests.m */ = {isa = PBXFileReference; lastKnownFileType = sourcecode.c.objc; path = GateCrasher_FinalTests.m; sourceTree = "<group>"; };
/* End PBXFileReference section */

/* Begin PBXFrameworksBuildPhase section */
		15CD459A1A8E418300588DC2 /* Frameworks */ = {
			isa = PBXFrameworksBuildPhase;
			buildActionMask = 2147483647;
			files = (
			);
			runOnlyForDeploymentPostprocessing = 0;
		};
		15CD45B61A8E418300588DC2 /* Frameworks */ = {
			isa = PBXFrameworksBuildPhase;
			buildActionMask = 2147483647;
			files = (
			);
			runOnlyForDeploymentPostprocessing = 0;
		};
/* End PBXFrameworksBuildPhase section */

/* Begin PBXGroup section */
		15CD45941A8E418300588DC2 = {
			isa = PBXGroup;
			children = (
				15CD459F1A8E418300588DC2 /* GateCrasher Final */,
				15CD45BC1A8E418300588DC2 /* GateCrasher FinalTests */,
				15CD459E1A8E418300588DC2 /* Products */,
			);
			sourceTree = "<group>";
		};
		15CD459E1A8E418300588DC2 /* Products */ = {
			isa = PBXGroup;
			children = (
				15CD459D1A8E418300588DC2 /* GateCrasher Final.app */,
				15CD45B91A8E418300588DC2 /* GateCrasher FinalTests.xctest */,
			);
			name = Products;
			sourceTree = "<group>";
		};
		15CD459F1A8E418300588DC2 /* GateCrasher Final */ = {
			isa = PBXGroup;
			children = (
				15CD45A41A8E418300588DC2 /* AppDelegate.h */,
				15CD45A51A8E418300588DC2 /* AppDelegate.m */,
				15CD45AA1A8E418300588DC2 /* ViewController.h */,
				15CD45AB1A8E418300588DC2 /* ViewController.m */,
				15CD45AD1A8E418300588DC2 /* Main.storyboard */,
				15CD45B01A8E418300588DC2 /* Images.xcassets */,
				15CD45B21A8E418300588DC2 /* LaunchScreen.xib */,
				15CD45A71A8E418300588DC2 /* GateCrasher_Final.xcdatamodeld */,
				15CD45A01A8E418300588DC2 /* Supporting Files */,
			);
			path = "GateCrasher Final";
			sourceTree = "<group>";
		};
		15CD45A01A8E418300588DC2 /* Supporting Files */ = {
			isa = PBXGroup;
			children = (
				15CD45A11A8E418300588DC2 /* Info.plist */,
				15CD45A21A8E418300588DC2 /* main.m */,
			);
			name = "Supporting Files";
			sourceTree = "<group>";
		};
		15CD45BC1A8E418300588DC2 /* GateCrasher FinalTests */ = {
			isa = PBXGroup;
			children = (
				15CD45BF1A8E418300588DC2 /* GateCrasher_FinalTests.m */,
				15CD45BD1A8E418300588DC2 /* Supporting Files */,
			);
			path = "GateCrasher FinalTests";
			sourceTree = "<group>";
		};
		15CD45BD1A8E418300588DC2 /* Supporting Files */ = {
			isa = PBXGroup;
			children = (
				15CD45BE1A8E418300588DC2 /* Info.plist */,
			);
			name = "Supporting Files";
			sourceTree = "<group>";
		};
/* End PBXGroup section */

/* Begin PBXNativeTarget section */
		15CD459C1A8E418300588DC2 /* GateCrasher Final */ = {
			isa = PBXNativeTarget;
			buildConfigurationList = 15CD45C31A8E418300588DC2 /* Build configuration list for PBXNativeTarget "GateCrasher Final" */;
			buildPhases = (
				15CD45991A8E418300588DC2 /* Sources */,
				15CD459A1A8E418300588DC2 /* Frameworks */,
				15CD459B1A8E418300588DC2 /* Resources */,
			);
			buildRules = (
			);
			dependencies = (
			);
			name = "GateCrasher Final";
			productName = "GateCrasher Final";
			productReference = 15CD459D1A8E418300588DC2 /* GateCrasher Final.app */;
			productType = "com.apple.product-type.application";
		};
		15CD45B81A8E418300588DC2 /* GateCrasher FinalTests */ = {
			isa = PBXNativeTarget;
			buildConfigurationList = 15CD45C61A8E418300588DC2 /* Build configuration list for PBXNativeTarget "GateCrasher FinalTests" */;
			buildPhases = (
				15CD45B51A8E418300588DC2 /* Sources */,
				15CD45B61A8E418300588DC2 /* Frameworks */,
				15CD45B71A8E418300588DC2 /* Resources */,
			);
			buildRules = (
			);
			dependencies = (
				15CD45BB1A8E418300588DC2 /* PBXTargetDependency */,
			);
			name = "GateCrasher FinalTests";
			productName = "GateCrasher FinalTests";
			productReference = 15CD45B91A8E418300588DC2 /* GateCrasher FinalTests.xctest */;
			productType = "com.apple.product-type.bundle.unit-test";
		};
/* End PBXNativeTarget section */

/* Begin PBXProject section */
		15CD45951A8E418300588DC2 /* Project object */ = {
			isa = PBXProject;
			attributes = {
				LastUpgradeCheck = 0610;
				ORGANIZATIONNAME = "Ruan Lopes";
				TargetAttributes = {
					15CD459C1A8E418300588DC2 = {
						CreatedOnToolsVersion = 6.1.1;
					};
					15CD45B81A8E418300588DC2 = {
						CreatedOnToolsVersion = 6.1.1;
						TestTargetID = 15CD459C1A8E418300588DC2;
					};
				};
			};
			buildConfigurationList = 15CD45981A8E418300588DC2 /* Build configuration list for PBXProject "GateCrasher Final" */;
			compatibilityVersion = "Xcode 3.2";
			developmentRegion = English;
			hasScannedForEncodings = 0;
			knownRegions = (
				en,
				Base,
			);
			mainGroup = 15CD45941A8E418300588DC2;
			productRefGroup = 15CD459E1A8E418300588DC2 /* Products */;
			projectDirPath = "";
			projectRoot = "";
			targets = (
				15CD459C1A8E418300588DC2 /* GateCrasher Final */,
				15CD45B81A8E418300588DC2 /* GateCrasher FinalTests */,
			);
		};
/* End PBXProject section */

/* Begin PBXResourcesBuildPhase section */
		15CD459B1A8E418300588DC2 /* Resources */ = {
			isa = PBXResourcesBuildPhase;
			buildActionMask = 2147483647;
			files = (
				15CD45AF1A8E418300588DC2 /* Main.storyboard in Resources */,
				15CD45B41A8E418300588DC2 /* LaunchScreen.xib in Resources */,
				15CD45B11A8E418300588DC2 /* Images.xcassets in Resources */,
			);
			runOnlyForDeploymentPostprocessing = 0;
		};
		15CD45B71A8E418300588DC2 /* Resources */ = {
			isa = PBXResourcesBuildPhase;
			buildActionMask = 2147483647;
			files = (
			);
			runOnlyForDeploymentPostprocessing = 0;
		};
/* End PBXResourcesBuildPhase section */

/* Begin PBXSourcesBuildPhase section */
		15CD45991A8E418300588DC2 /* Sources */ = {
			isa = PBXSourcesBuildPhase;
			buildActionMask = 2147483647;
			files = (
				15CD45A61A8E418300588DC2 /* AppDelegate.m in Sources */,
				15CD45A91A8E418300588DC2 /* GateCrasher_Final.xcdatamodeld in Sources */,
				15CD45AC1A8E418300588DC2 /* ViewController.m in Sources */,
				15CD45A31A8E418300588DC2 /* main.m in Sources */,
			);
			runOnlyForDeploymentPostprocessing = 0;
		};
		15CD45B51A8E418300588DC2 /* Sources */ = {
			isa = PBXSourcesBuildPhase;
			buildActionMask = 2147483647;
			files = (
				15CD45C01A8E418300588DC2 /* GateCrasher_FinalTests.m in Sources */,
			);
			runOnlyForDeploymentPostprocessing = 0;
		};
/* End PBXSourcesBuildPhase section */

/* Begin PBXTargetDependency section */
		15CD45BB1A8E418300588DC2 /* PBXTargetDependency */ = {
			isa = PBXTargetDependency;
			target = 15CD459C1A8E418300588DC2 /* GateCrasher Final */;
			targetProxy = 15CD45BA1A8E418300588DC2 /* PBXContainerItemProxy */;
		};
/* End PBXTargetDependency section */

/* Begin PBXVariantGroup section */
		15CD45AD1A8E418300588DC2 /* Main.storyboard */ = {
			isa = PBXVariantGroup;
			children = (
				15CD45AE1A8E418300588DC2 /* Base */,
			);
			name = Main.storyboard;
			sourceTree = "<group>";
		};
		15CD45B21A8E418300588DC2 /* LaunchScreen.xib */ = {
			isa = PBXVariantGroup;
			children = (
				15CD45B31A8E418300588DC2 /* Base */,
			);
			name = LaunchScreen.xib;
			sourceTree = "<group>";
		};
/* End PBXVariantGroup section */

/* Begin XCBuildConfiguration section */
		15CD45C11A8E418300588DC2 /* Debug */ = {
			isa = XCBuildConfiguration;
			buildSettings = {
				ALWAYS_SEARCH_USER_PATHS = NO;
				CLANG_CXX_LANGUAGE_STANDARD = "gnu++0x";
				CLANG_CXX_LIBRARY = "libc++";
				CLANG_ENABLE_MODULES = YES;
				CLANG_ENABLE_OBJC_ARC = YES;
				CLANG_WARN_BOOL_CONVERSION = YES;
				CLANG_WARN_CONSTANT_CONVERSION = YES;
				CLANG_WARN_DIRECT_OBJC_ISA_USAGE = YES_ERROR;
				CLANG_WARN_EMPTY_BODY = YES;
				CLANG_WARN_ENUM_CONVERSION = YES;
				CLANG_WARN_INT_CONVERSION = YES;
				CLANG_WARN_OBJC_ROOT_CLASS = YES_ERROR;
				CLANG_WARN_UNREACHABLE_CODE = YES;
				CLANG_WARN__DUPLICATE_METHOD_MATCH = YES;
				"CODE_SIGN_IDENTITY[sdk=iphoneos*]" = "iPhone Developer";
				COPY_PHASE_STRIP = NO;
				ENABLE_STRICT_OBJC_MSGSEND = YES;
				GCC_C_LANGUAGE_STANDARD = gnu99;
				GCC_DYNAMIC_NO_PIC = NO;
				GCC_OPTIMIZATION_LEVEL = 0;
				GCC_PREPROCESSOR_DEFINITIONS = (
					"DEBUG=1",
					"$(inherited)",
				);
				GCC_SYMBOLS_PRIVATE_EXTERN = NO;
				GCC_WARN_64_TO_32_BIT_CONVERSION = YES;
				GCC_WARN_ABOUT_RETURN_TYPE = YES_ERROR;
				GCC_WARN_UNDECLARED_SELECTOR = YES;
				GCC_WARN_UNINITIALIZED_AUTOS = YES_AGGRESSIVE;
				GCC_WARN_UNUSED_FUNCTION = YES;
				GCC_WARN_UNUSED_VARIABLE = YES;
				IPHONEOS_DEPLOYMENT_TARGET = 8.1;
				MTL_ENABLE_DEBUG_INFO = YES;
				ONLY_ACTIVE_ARCH = YES;
				SDKROOT = iphoneos;
			};
			name = Debug;
		};
		15CD45C21A8E418300588DC2 /* Release */ = {
			isa = XCBuildConfiguration;
			buildSettings = {
				ALWAYS_SEARCH_USER_PATHS = NO;
				CLANG_CXX_LANGUAGE_STANDARD = "gnu++0x";
				CLANG_CXX_LIBRARY = "libc++";
				CLANG_ENABLE_MODULES = YES;
				CLANG_ENABLE_OBJC_ARC = YES;
				CLANG_WARN_BOOL_CONVERSION = YES;
				CLANG_WARN_CONSTANT_CONVERSION = YES;
				CLANG_WARN_DIRECT_OBJC_ISA_USAGE = YES_ERROR;
				CLANG_WARN_EMPTY_BODY = YES;
				CLANG_WARN_ENUM_CONVERSION = YES;
				CLANG_WARN_INT_CONVERSION = YES;
				CLANG_WARN_OBJC_ROOT_CLASS = YES_ERROR;
				CLANG_WARN_UNREACHABLE_CODE = YES;
				CLANG_WARN__DUPLICATE_METHOD_MATCH = YES;
				"CODE_SIGN_IDENTITY[sdk=iphoneos*]" = "iPhone Developer";
				COPY_PHASE_STRIP = YES;
				ENABLE_NS_ASSERTIONS = NO;
				ENABLE_STRICT_OBJC_MSGSEND = YES;
				GCC_C_LANGUAGE_STANDARD = gnu99;
				GCC_WARN_64_TO_32_BIT_CONVERSION = YES;
				GCC_WARN_ABOUT_RETURN_TYPE = YES_ERROR;
				GCC_WARN_UNDECLARED_SELECTOR = YES;
				GCC_WARN_UNINITIALIZED_AUTOS = YES_AGGRESSIVE;
				GCC_WARN_UNUSED_FUNCTION = YES;
				GCC_WARN_UNUSED_VARIABLE = YES;
				IPHONEOS_DEPLOYMENT_TARGET = 8.1;
				MTL_ENABLE_DEBUG_INFO = NO;
				SDKROOT = iphoneos;
				VALIDATE_PRODUCT = YES;
			};
			name = Release;
		};
		15CD45C41A8E418300588DC2 /* Debug */ = {
			isa = XCBuildConfiguration;
			buildSettings = {
				ASSETCATALOG_COMPILER_APPICON_NAME = AppIcon;
				INFOPLIST_FILE = "GateCrasher Final/Info.plist";
				LD_RUNPATH_SEARCH_PATHS = "$(inherited) @executable_path/Frameworks";
				PRODUCT_NAME = "$(TARGET_NAME)";
			};
			name = Debug;
		};
		15CD45C51A8E418300588DC2 /* Release */ = {
			isa = XCBuildConfiguration;
			buildSettings = {
				ASSETCATALOG_COMPILER_APPICON_NAME = AppIcon;
				INFOPLIST_FILE = "GateCrasher Final/Info.plist";
				LD_RUNPATH_SEARCH_PATHS = "$(inherited) @executable_path/Frameworks";
				PRODUCT_NAME = "$(TARGET_NAME)";
			};
			name = Release;
		};
		15CD45C71A8E418300588DC2 /* Debug */ = {
			isa = XCBuildConfiguration;
			buildSettings = {
				BUNDLE_LOADER = "$(TEST_HOST)";
				FRAMEWORK_SEARCH_PATHS = (
					"$(SDKROOT)/Developer/Library/Frameworks",
					"$(inherited)",
				);
				GCC_PREPROCESSOR_DEFINITIONS = (
					"DEBUG=1",
					"$(inherited)",
				);
				INFOPLIST_FILE = "GateCrasher FinalTests/Info.plist";
				LD_RUNPATH_SEARCH_PATHS = "$(inherited) @executable_path/Frameworks @loader_path/Frameworks";
				PRODUCT_NAME = "$(TARGET_NAME)";
				TEST_HOST = "$(BUILT_PRODUCTS_DIR)/GateCrasher Final.app/GateCrasher Final";
			};
			name = Debug;
		};
		15CD45C81A8E418300588DC2 /* Release */ = {
			isa = XCBuildConfiguration;
			buildSettings = {
				BUNDLE_LOADER = "$(TEST_HOST)";
				FRAMEWORK_SEARCH_PATHS = (
					"$(SDKROOT)/Developer/Library/Frameworks",
					"$(inherited)",
				);
				INFOPLIST_FILE = "GateCrasher FinalTests/Info.plist";
				LD_RUNPATH_SEARCH_PATHS = "$(inherited) @executable_path/Frameworks @loader_path/Frameworks";
				PRODUCT_NAME = "$(TARGET_NAME)";
				TEST_HOST = "$(BUILT_PRODUCTS_DIR)/GateCrasher Final.app/GateCrasher Final";
			};
			name = Release;
		};
/* End XCBuildConfiguration section */

/* Begin XCConfigurationList section */
		15CD45981A8E418300588DC2 /* Build configuration list for PBXProject "GateCrasher Final" */ = {
			isa = XCConfigurationList;
			buildConfigurations = (
				15CD45C11A8E418300588DC2 /* Debug */,
				15CD45C21A8E418300588DC2 /* Release */,
			);
			defaultConfigurationIsVisible = 0;
			defaultConfigurationName = Release;
		};
		15CD45C31A8E418300588DC2 /* Build configuration list for PBXNativeTarget "GateCrasher Final" */ = {
			isa = XCConfigurationList;
			buildConfigurations = (
				15CD45C41A8E418300588DC2 /* Debug */,
				15CD45C51A8E418300588DC2 /* Release */,
			);
			defaultConfigurationIsVisible = 0;
		};
		15CD45C61A8E418300588DC2 /* Build configuration list for PBXNativeTarget "GateCrasher FinalTests" */ = {
			isa = XCConfigurationList;
			buildConfigurations = (
				15CD45C71A8E418300588DC2 /* Debug */,
				15CD45C81A8E418300588DC2 /* Release */,
			);
			defaultConfigurationIsVisible = 0;
		};
/* End XCConfigurationList section */

/* Begin XCVersionGroup section */
		15CD45A71A8E418300588DC2 /* GateCrasher_Final.xcdatamodeld */ = {
			isa = XCVersionGroup;
			children = (
				15CD45A81A8E418300588DC2 /* GateCrasher_Final.xcdatamodel */,
			);
			currentVersion = 15CD45A81A8E418300588DC2 /* GateCrasher_Final.xcdatamodel */;
			path = GateCrasher_Final.xcdatamodeld;
			sourceTree = "<group>";
			versionGroupType = wrapper.xcdatamodel;
		};
/* End XCVersionGroup section */
	};
	rootObject = 15CD45951A8E418300588DC2 /* Project object */;
}
